
Microsoft Visual Studio Solution File, Format Version 12.00
# Visual Studio Version 16
VisualStudioVersion = 16.0.31515.178
MinimumVisualStudioVersion = 10.0.40219.1
Project("{9A19103F-16F7-4668-BE54-9A1E7A4F7556}") = "mca_light_smo_nl_extended", "mca_light_smo_nl_extended\mca_light_smo_nl_extended.csproj", "{D5B022E1-6751-41C9-8D4D-30C710F6FB1D}"
EndProject
Project("{9A19103F-16F7-4668-BE54-9A1E7A4F7556}") = "mca_light_extension_core", "mca_light_extension_core\mca_light_extension_core.csproj", "{5B3908BB-070D-4885-83FA-3EED49AD8A58}"
EndProject
Global
	GlobalSection(SolutionConfigurationPlatforms) = preSolution
		Debug|Any CPU = Debug|Any CPU
		Release|Any CPU = Release|Any CPU
	EndGlobalSection
	GlobalSection(ProjectConfigurationPlatforms) = postSolution
		{D5B022E1-6751-41C9-8D4D-30C710F6FB1D}.Debug|Any CPU.ActiveCfg = Debug|Any CPU
		{D5B022E1-6751-41C9-8D4D-30C710F6FB1D}.Debug|Any CPU.Build.0 = Debug|Any CPU
		{D5B022E1-6751-41C9-8D4D-30C710F6FB1D}.Release|Any CPU.ActiveCfg = Release|Any CPU
		{D5B022E1-6751-41C9-8D4D-30C710F6FB1D}.Release|Any CPU.Build.0 = Release|Any CPU
		{5B3908BB-070D-4885-83FA-3EED49AD8A58}.Debug|Any CPU.ActiveCfg = Debug|Any CPU
		{5B3908BB-070D-4885-83FA-3EED49AD8A58}.Debug|Any CPU.Build.0 = Debug|Any CPU
		{5B3908BB-070D-4885-83FA-3EED49AD8A58}.Release|Any CPU.ActiveCfg = Release|Any CPU
		{5B3908BB-070D-4885-83FA-3EED49AD8A58}.Release|Any CPU.Build.0 = Release|Any CPU
	EndGlobalSection
	GlobalSection(SolutionProperties) = preSolution
		HideSolutionNode = FALSE
	EndGlobalSection
	GlobalSection(ExtensibilityGlobals) = postSolution
		SolutionGuid = {5BCF886F-284C-4D47-93E8-5CEECA2319FC}
	EndGlobalSection
EndGlobal
